
Microsoft Visual Studio Solution File, Format Version 12.00
# Visual Studio Version 16
VisualStudioVersion = 16.0.30503.244
MinimumVisualStudioVersion = 15.0.26124.0
Project("{9A19103F-16F7-4668-BE54-9A1E7A4F7556}") = "Azure.Functions.Extensions.Http", "src\Http\Azure.Functions.Extensions.Http.csproj", "{7D9C0237-35AC-4790-BAE9-E2A26399C14F}"
EndProject
Project("{9A19103F-16F7-4668-BE54-9A1E7A4F7556}") = "Azure.Functions.Extensions.OData", "src\OData\Azure.Functions.Extensions.OData.csproj", "{9AD786E6-D628-4A00-8146-39DC7F6E991C}"
EndProject
Project("{9A19103F-16F7-4668-BE54-9A1E7A4F7556}") = "Azure.Functions.Extensions.Http.Tests", "tests\Http\Azure.Functions.Extensions.Http.Tests.csproj", "{4E4032F3-7D69-4D4C-8322-0AADC84C812E}"
EndProject
Global
	GlobalSection(SolutionConfigurationPlatforms) = preSolution
		Debug|Any CPU = Debug|Any CPU
		Debug|x64 = Debug|x64
		Debug|x86 = Debug|x86
		Release|Any CPU = Release|Any CPU
		Release|x64 = Release|x64
		Release|x86 = Release|x86
	EndGlobalSection
	GlobalSection(ProjectConfigurationPlatforms) = postSolution
		{7D9C0237-35AC-4790-BAE9-E2A26399C14F}.Debug|Any CPU.ActiveCfg = Debug|Any CPU
		{7D9C0237-35AC-4790-BAE9-E2A26399C14F}.Debug|Any CPU.Build.0 = Debug|Any CPU
		{7D9C0237-35AC-4790-BAE9-E2A26399C14F}.Debug|x64.ActiveCfg = Debug|Any CPU
		{7D9C0237-35AC-4790-BAE9-E2A26399C14F}.Debug|x64.Build.0 = Debug|Any CPU
		{7D9C0237-35AC-4790-BAE9-E2A26399C14F}.Debug|x86.ActiveCfg = Debug|Any CPU
		{7D9C0237-35AC-4790-BAE9-E2A26399C14F}.Debug|x86.Build.0 = Debug|Any CPU
		{7D9C0237-35AC-4790-BAE9-E2A26399C14F}.Release|Any CPU.ActiveCfg = Release|Any CPU
		{7D9C0237-35AC-4790-BAE9-E2A26399C14F}.Release|Any CPU.Build.0 = Release|Any CPU
		{7D9C0237-35AC-4790-BAE9-E2A26399C14F}.Release|x64.ActiveCfg = Release|Any CPU
		{7D9C0237-35AC-4790-BAE9-E2A26399C14F}.Release|x64.Build.0 = Release|Any CPU
		{7D9C0237-35AC-4790-BAE9-E2A26399C14F}.Release|x86.ActiveCfg = Release|Any CPU
		{7D9C0237-35AC-4790-BAE9-E2A26399C14F}.Release|x86.Build.0 = Release|Any CPU
		{9AD786E6-D628-4A00-8146-39DC7F6E991C}.Debug|Any CPU.ActiveCfg = Debug|Any CPU
		{9AD786E6-D628-4A00-8146-39DC7F6E991C}.Debug|Any CPU.Build.0 = Debug|Any CPU
		{9AD786E6-D628-4A00-8146-39DC7F6E991C}.Debug|x64.ActiveCfg = Debug|Any CPU
		{9AD786E6-D628-4A00-8146-39DC7F6E991C}.Debug|x64.Build.0 = Debug|Any CPU
		{9AD786E6-D628-4A00-8146-39DC7F6E991C}.Debug|x86.ActiveCfg = Debug|Any CPU
		{9AD786E6-D628-4A00-8146-39DC7F6E991C}.Debug|x86.Build.0 = Debug|Any CPU
		{9AD786E6-D628-4A00-8146-39DC7F6E991C}.Release|Any CPU.ActiveCfg = Release|Any CPU
		{9AD786E6-D628-4A00-8146-39DC7F6E991C}.Release|Any CPU.Build.0 = Release|Any CPU
		{9AD786E6-D628-4A00-8146-39DC7F6E991C}.Release|x64.ActiveCfg = Release|Any CPU
		{9AD786E6-D628-4A00-8146-39DC7F6E991C}.Release|x64.Build.0 = Release|Any CPU
		{9AD786E6-D628-4A00-8146-39DC7F6E991C}.Release|x86.ActiveCfg = Release|Any CPU
		{9AD786E6-D628-4A00-8146-39DC7F6E991C}.Release|x86.Build.0 = Release|Any CPU
		{4E4032F3-7D69-4D4C-8322-0AADC84C812E}.Debug|Any CPU.ActiveCfg = Debug|Any CPU
		{4E4032F3-7D69-4D4C-8322-0AADC84C812E}.Debug|Any CPU.Build.0 = Debug|Any CPU
		{4E4032F3-7D69-4D4C-8322-0AADC84C812E}.Debug|x64.ActiveCfg = Debug|Any CPU
		{4E4032F3-7D69-4D4C-8322-0AADC84C812E}.Debug|x64.Build.0 = Debug|Any CPU
		{4E4032F3-7D69-4D4C-8322-0AADC84C812E}.Debug|x86.ActiveCfg = Debug|Any CPU
		{4E4032F3-7D69-4D4C-8322-0AADC84C812E}.Debug|x86.Build.0 = Debug|Any CPU
		{4E4032F3-7D69-4D4C-8322-0AADC84C812E}.Release|Any CPU.ActiveCfg = Release|Any CPU
		{4E4032F3-7D69-4D4C-8322-0AADC84C812E}.Release|Any CPU.Build.0 = Release|Any CPU
		{4E4032F3-7D69-4D4C-8322-0AADC84C812E}.Release|x64.ActiveCfg = Release|Any CPU
		{4E4032F3-7D69-4D4C-8322-0AADC84C812E}.Release|x64.Build.0 = Release|Any CPU
		{4E4032F3-7D69-4D4C-8322-0AADC84C812E}.Release|x86.ActiveCfg = Release|Any CPU
		{4E4032F3-7D69-4D4C-8322-0AADC84C812E}.Release|x86.Build.0 = Release|Any CPU
	EndGlobalSection
	GlobalSection(SolutionProperties) = preSolution
		HideSolutionNode = FALSE
	EndGlobalSection
	GlobalSection(ExtensibilityGlobals) = postSolution
		SolutionGuid = {25115980-3B62-4BAC-A0E0-2BE8CB5B8A95}
	EndGlobalSection
EndGlobal
