
Microsoft Visual Studio Solution File, Format Version 12.00
# Visual Studio Version 16
VisualStudioVersion = 16.0.30503.244
MinimumVisualStudioVersion = 15.0.26124.0
Project("{9A19103F-16F7-4668-BE54-9A1E7A4F7556}") = "Azure.Functions.Extensions.Http", "src\Http\src\Azure.Functions.Extensions.Http.csproj", "{47BB6B9E-C061-4693-96E6-0DD92279AEBD}"
EndProject
Project("{9A19103F-16F7-4668-BE54-9A1E7A4F7556}") = "Azure.Functions.Extensions.Http.Tests", "src\Http\test\Azure.Functions.Extensions.Http.Tests.csproj", "{17A42D65-C5DF-4DB4-92E5-7AB8CF5D3359}"
EndProject
Project("{2150E333-8FDC-42A3-9474-1A3956D46DE8}") = "Http", "Http", "{952B233C-DACE-427A-B7F0-ABAC0460707B}"
EndProject
Project("{2150E333-8FDC-42A3-9474-1A3956D46DE8}") = "OData", "OData", "{A6C3EA83-8E39-48EF-AC76-E38274F5CCA5}"
EndProject
Project("{9A19103F-16F7-4668-BE54-9A1E7A4F7556}") = "Azure.Functions.Extensions.OData", "src\OData\src\Azure.Functions.Extensions.OData.csproj", "{8D01030E-18D0-4DF4-9801-F27398A9CE8C}"
EndProject
Project("{9A19103F-16F7-4668-BE54-9A1E7A4F7556}") = "Azure.Functions.Extensions.OData.Tests", "src\OData\test\Azure.Functions.Extensions.OData.Tests.csproj", "{FF27209D-D58B-4189-A9B6-57271E6F356E}"
EndProject
Global
	GlobalSection(SolutionConfigurationPlatforms) = preSolution
		Debug|Any CPU = Debug|Any CPU
		Release|Any CPU = Release|Any CPU
	EndGlobalSection
	GlobalSection(ProjectConfigurationPlatforms) = postSolution
		{47BB6B9E-C061-4693-96E6-0DD92279AEBD}.Debug|Any CPU.ActiveCfg = Debug|Any CPU
		{47BB6B9E-C061-4693-96E6-0DD92279AEBD}.Debug|Any CPU.Build.0 = Debug|Any CPU
		{47BB6B9E-C061-4693-96E6-0DD92279AEBD}.Release|Any CPU.ActiveCfg = Release|Any CPU
		{47BB6B9E-C061-4693-96E6-0DD92279AEBD}.Release|Any CPU.Build.0 = Release|Any CPU
		{17A42D65-C5DF-4DB4-92E5-7AB8CF5D3359}.Debug|Any CPU.ActiveCfg = Debug|Any CPU
		{17A42D65-C5DF-4DB4-92E5-7AB8CF5D3359}.Debug|Any CPU.Build.0 = Debug|Any CPU
		{17A42D65-C5DF-4DB4-92E5-7AB8CF5D3359}.Release|Any CPU.ActiveCfg = Release|Any CPU
		{17A42D65-C5DF-4DB4-92E5-7AB8CF5D3359}.Release|Any CPU.Build.0 = Release|Any CPU
		{8D01030E-18D0-4DF4-9801-F27398A9CE8C}.Debug|Any CPU.ActiveCfg = Debug|Any CPU
		{8D01030E-18D0-4DF4-9801-F27398A9CE8C}.Debug|Any CPU.Build.0 = Debug|Any CPU
		{8D01030E-18D0-4DF4-9801-F27398A9CE8C}.Release|Any CPU.ActiveCfg = Release|Any CPU
		{8D01030E-18D0-4DF4-9801-F27398A9CE8C}.Release|Any CPU.Build.0 = Release|Any CPU
		{FF27209D-D58B-4189-A9B6-57271E6F356E}.Debug|Any CPU.ActiveCfg = Debug|Any CPU
		{FF27209D-D58B-4189-A9B6-57271E6F356E}.Debug|Any CPU.Build.0 = Debug|Any CPU
		{FF27209D-D58B-4189-A9B6-57271E6F356E}.Release|Any CPU.ActiveCfg = Release|Any CPU
		{FF27209D-D58B-4189-A9B6-57271E6F356E}.Release|Any CPU.Build.0 = Release|Any CPU
	EndGlobalSection
	GlobalSection(SolutionProperties) = preSolution
		HideSolutionNode = FALSE
	EndGlobalSection
	GlobalSection(NestedProjects) = preSolution
		{47BB6B9E-C061-4693-96E6-0DD92279AEBD} = {952B233C-DACE-427A-B7F0-ABAC0460707B}
		{17A42D65-C5DF-4DB4-92E5-7AB8CF5D3359} = {952B233C-DACE-427A-B7F0-ABAC0460707B}
		{8D01030E-18D0-4DF4-9801-F27398A9CE8C} = {A6C3EA83-8E39-48EF-AC76-E38274F5CCA5}
		{FF27209D-D58B-4189-A9B6-57271E6F356E} = {A6C3EA83-8E39-48EF-AC76-E38274F5CCA5}
	EndGlobalSection
	GlobalSection(ExtensibilityGlobals) = postSolution
		SolutionGuid = {25115980-3B62-4BAC-A0E0-2BE8CB5B8A95}
	EndGlobalSection
EndGlobal
